
Microsoft Visual Studio Solution File, Format Version 12.00
# Visual Studio 2017
Project("{FAE04EC0-301F-11D3-BF4B-00C04F79EFBC}") = "Clumsy Bat", "Clumsy Bat.csproj", "{34A10B0E-F2D4-D0D9-5DAC-C68DA43CD88F}"
EndProject
Project("{FAE04EC0-301F-11D3-BF4B-00C04F79EFBC}") = "Clumsy Bat.Editor", "Clumsy Bat.Editor.csproj", "{8257D6BC-B3E7-F096-03C6-BCAEA40760CE}"
EndProject
Global
	GlobalSection(SolutionConfigurationPlatforms) = preSolution
		Debug|Any CPU = Debug|Any CPU
		Release|Any CPU = Release|Any CPU
	EndGlobalSection
	GlobalSection(ProjectConfigurationPlatforms) = postSolution
		{34A10B0E-F2D4-D0D9-5DAC-C68DA43CD88F}.Debug|Any CPU.ActiveCfg = Debug|Any CPU
		{34A10B0E-F2D4-D0D9-5DAC-C68DA43CD88F}.Debug|Any CPU.Build.0 = Debug|Any CPU
		{34A10B0E-F2D4-D0D9-5DAC-C68DA43CD88F}.Release|Any CPU.ActiveCfg = Release|Any CPU
		{34A10B0E-F2D4-D0D9-5DAC-C68DA43CD88F}.Release|Any CPU.Build.0 = Release|Any CPU
		{8257D6BC-B3E7-F096-03C6-BCAEA40760CE}.Debug|Any CPU.ActiveCfg = Debug|Any CPU
		{8257D6BC-B3E7-F096-03C6-BCAEA40760CE}.Debug|Any CPU.Build.0 = Debug|Any CPU
		{8257D6BC-B3E7-F096-03C6-BCAEA40760CE}.Release|Any CPU.ActiveCfg = Release|Any CPU
		{8257D6BC-B3E7-F096-03C6-BCAEA40760CE}.Release|Any CPU.Build.0 = Release|Any CPU
	EndGlobalSection
	GlobalSection(SolutionProperties) = preSolution
		HideSolutionNode = FALSE
	EndGlobalSection
EndGlobal
